<?xml version="1.0" encoding="UTF-8" standalone="yes" ?>
<CodeBlocks_project_file>
	<FileVersion major="1" minor="6" />
	<Project>
		<Option title="server-game" />
		<Option pch_mode="2" />
		<Option compiler="gcc" />
		<Build>
			<Target title="Debug">
				<Option output="bin/Debug/server-game" prefix_auto="1" extension_auto="1" />
				<Option object_output="obj/Debug/" />
				<Option type="1" />
				<Option compiler="gcc" />
				<Compiler>
					<Add option="-g" />
				</Compiler>
			</Target>
			<Target title="Release">
				<Option output="bin/Release/server-game" prefix_auto="1" extension_auto="1" />
				<Option object_output="obj/Release/" />
				<Option type="1" />
				<Option compiler="gcc" />
				<Compiler>
					<Add option="-O2" />
				</Compiler>
				<Linker>
					<Add option="-s" />
				</Linker>
			</Target>
		</Build>
		<Compiler>
			<Add option="-Wall" />
			<Add option="-fexceptions" />
		</Compiler>
		<Unit filename="CMakeLists.txt" />
		<Unit filename="README.md" />
		<Unit filename="build/CMakeCache.txt" />
		<Unit filename="build/CMakeFiles/2.8.10.2/CMakeCCompiler.cmake" />
		<Unit filename="build/CMakeFiles/2.8.10.2/CMakeCXXCompiler.cmake" />
		<Unit filename="build/CMakeFiles/2.8.10.2/CMakeDetermineCompilerABI_C.bin" />
		<Unit filename="build/CMakeFiles/2.8.10.2/CMakeDetermineCompilerABI_CXX.bin" />
		<Unit filename="build/CMakeFiles/2.8.10.2/CMakeSystem.cmake" />
		<Unit filename="build/CMakeFiles/2.8.10.2/CompilerIdC/CMakeCCompilerId.c">
			<Option compilerVar="CC" />
		</Unit>
		<Unit filename="build/CMakeFiles/2.8.10.2/CompilerIdC/a.out" />
		<Unit filename="build/CMakeFiles/2.8.10.2/CompilerIdCXX/CMakeCXXCompilerId.cpp" />
		<Unit filename="build/CMakeFiles/2.8.10.2/CompilerIdCXX/a.out" />
		<Unit filename="build/CMakeFiles/CMakeDirectoryInformation.cmake" />
		<Unit filename="build/CMakeFiles/CMakeOutput.log" />
		<Unit filename="build/CMakeFiles/CMakeRuleHashes.txt" />
		<Unit filename="build/CMakeFiles/Makefile.cmake" />
		<Unit filename="build/CMakeFiles/Makefile2" />
		<Unit filename="build/CMakeFiles/TargetDirectories.txt" />
		<Unit filename="build/CMakeFiles/cmake.check_cache" />
		<Unit filename="build/CMakeFiles/progress.marks" />
		<Unit filename="build/Makefile" />
		<Unit filename="build/cmake_install.cmake" />
		<Unit filename="build/com/CMakeFiles/CMakeDirectoryInformation.cmake" />
		<Unit filename="build/com/CMakeFiles/orwell_com.dir/CXX.includecache" />
		<Unit filename="build/com/CMakeFiles/orwell_com.dir/DependInfo.cmake" />
		<Unit filename="build/com/CMakeFiles/orwell_com.dir/build.make" />
		<Unit filename="build/com/CMakeFiles/orwell_com.dir/cmake_clean.cmake" />
		<Unit filename="build/com/CMakeFiles/orwell_com.dir/depend.internal" />
		<Unit filename="build/com/CMakeFiles/orwell_com.dir/depend.make" />
		<Unit filename="build/com/CMakeFiles/orwell_com.dir/flags.make" />
		<Unit filename="build/com/CMakeFiles/orwell_com.dir/link.txt" />
		<Unit filename="build/com/CMakeFiles/orwell_com.dir/progress.make" />
		<Unit filename="build/com/CMakeFiles/orwell_com.dir/src/message.cpp.o" />
		<Unit filename="build/com/CMakeFiles/orwell_com.dir/src/url.cpp.o" />
		<Unit filename="build/com/CMakeFiles/progress.marks" />
		<Unit filename="build/com/CMakeFiles/test_basics.dir/CXX.includecache" />
		<Unit filename="build/com/CMakeFiles/test_basics.dir/DependInfo.cmake" />
		<Unit filename="build/com/CMakeFiles/test_basics.dir/build.make" />
		<Unit filename="build/com/CMakeFiles/test_basics.dir/cmake_clean.cmake" />
		<Unit filename="build/com/CMakeFiles/test_basics.dir/depend.internal" />
		<Unit filename="build/com/CMakeFiles/test_basics.dir/depend.make" />
		<Unit filename="build/com/CMakeFiles/test_basics.dir/flags.make" />
		<Unit filename="build/com/CMakeFiles/test_basics.dir/link.txt" />
		<Unit filename="build/com/CMakeFiles/test_basics.dir/progress.make" />
		<Unit filename="build/com/CMakeFiles/test_basics.dir/test/test_basics.cpp.o" />
		<Unit filename="build/com/CMakeFiles/test_url.dir/CXX.includecache" />
		<Unit filename="build/com/CMakeFiles/test_url.dir/DependInfo.cmake" />
		<Unit filename="build/com/CMakeFiles/test_url.dir/build.make" />
		<Unit filename="build/com/CMakeFiles/test_url.dir/cmake_clean.cmake" />
		<Unit filename="build/com/CMakeFiles/test_url.dir/depend.internal" />
		<Unit filename="build/com/CMakeFiles/test_url.dir/depend.make" />
		<Unit filename="build/com/CMakeFiles/test_url.dir/flags.make" />
		<Unit filename="build/com/CMakeFiles/test_url.dir/link.txt" />
		<Unit filename="build/com/CMakeFiles/test_url.dir/progress.make" />
		<Unit filename="build/com/CMakeFiles/test_url.dir/test/test_url.cpp.o" />
		<Unit filename="build/com/CMakeFiles/test_zmq_socket.dir/CXX.includecache" />
		<Unit filename="build/com/CMakeFiles/test_zmq_socket.dir/DependInfo.cmake" />
		<Unit filename="build/com/CMakeFiles/test_zmq_socket.dir/build.make" />
		<Unit filename="build/com/CMakeFiles/test_zmq_socket.dir/cmake_clean.cmake" />
		<Unit filename="build/com/CMakeFiles/test_zmq_socket.dir/depend.internal" />
		<Unit filename="build/com/CMakeFiles/test_zmq_socket.dir/depend.make" />
		<Unit filename="build/com/CMakeFiles/test_zmq_socket.dir/flags.make" />
		<Unit filename="build/com/CMakeFiles/test_zmq_socket.dir/link.txt" />
		<Unit filename="build/com/CMakeFiles/test_zmq_socket.dir/progress.make" />
		<Unit filename="build/com/CMakeFiles/test_zmq_socket.dir/test/test_zmq_socket.cpp.o" />
		<Unit filename="build/com/CTestTestfile.cmake" />
		<Unit filename="build/com/Makefile" />
		<Unit filename="build/com/cmake_install.cmake" />
		<Unit filename="build/com/liborwell_com.so" />
		<Unit filename="build/com/test_basics" />
		<Unit filename="build/com/test_url" />
		<Unit filename="build/com/test_zmq_socket" />
		<Unit filename="build/messages/CMakeFiles/CMakeDirectoryInformation.cmake" />
		<Unit filename="build/messages/CMakeFiles/orwell_messages.dir/CXX.includecache" />
		<Unit filename="build/messages/CMakeFiles/orwell_messages.dir/DependInfo.cmake" />
		<Unit filename="build/messages/CMakeFiles/orwell_messages.dir/build.make" />
		<Unit filename="build/messages/CMakeFiles/orwell_messages.dir/cmake_clean.cmake" />
		<Unit filename="build/messages/CMakeFiles/orwell_messages.dir/depend.internal" />
		<Unit filename="build/messages/CMakeFiles/orwell_messages.dir/depend.make" />
		<Unit filename="build/messages/CMakeFiles/orwell_messages.dir/flags.make" />
		<Unit filename="build/messages/CMakeFiles/orwell_messages.dir/link.txt" />
		<Unit filename="build/messages/CMakeFiles/orwell_messages.dir/progress.make" />
		<Unit filename="build/messages/CMakeFiles/orwell_messages.dir/version1.pb.cc.o" />
		<Unit filename="build/messages/CMakeFiles/progress.marks" />
		<Unit filename="build/messages/Makefile" />
		<Unit filename="build/messages/cmake_install.cmake" />
		<Unit filename="build/messages/liborwell_messages.so" />
		<Unit filename="build/messages/version1.pb.cc" />
		<Unit filename="build/messages/version1.pb.h" />
		<Unit filename="build/tasks/CMakeFiles/CMakeDirectoryInformation.cmake" />
		<Unit filename="build/tasks/CMakeFiles/orwell_tasks.dir/CXX.includecache" />
		<Unit filename="build/tasks/CMakeFiles/orwell_tasks.dir/DependInfo.cmake" />
		<Unit filename="build/tasks/CMakeFiles/orwell_tasks.dir/build.make" />
		<Unit filename="build/tasks/CMakeFiles/orwell_tasks.dir/cmake_clean.cmake" />
		<Unit filename="build/tasks/CMakeFiles/orwell_tasks.dir/depend.internal" />
		<Unit filename="build/tasks/CMakeFiles/orwell_tasks.dir/depend.make" />
		<Unit filename="build/tasks/CMakeFiles/orwell_tasks.dir/flags.make" />
		<Unit filename="build/tasks/CMakeFiles/orwell_tasks.dir/link.txt" />
		<Unit filename="build/tasks/CMakeFiles/orwell_tasks.dir/progress.make" />
		<Unit filename="build/tasks/CMakeFiles/orwell_tasks.dir/src/globalContext.cpp.o" />
		<Unit filename="build/tasks/CMakeFiles/orwell_tasks.dir/src/global_publisher.cpp.o" />
		<Unit filename="build/tasks/CMakeFiles/orwell_tasks.dir/src/publisher.cpp.o" />
		<Unit filename="build/tasks/CMakeFiles/orwell_tasks.dir/src/robotContext.cpp.o" />
		<Unit filename="build/tasks/CMakeFiles/orwell_tasks.dir/src/subscriber.cpp.o" />
		<Unit filename="build/tasks/CMakeFiles/progress.marks" />
		<Unit filename="build/tasks/Makefile" />
		<Unit filename="build/tasks/cmake_install.cmake" />
		<Unit filename="build/tasks/liborwell_tasks.so" />
		<Unit filename="com/CMakeLists.txt" />
		<Unit filename="com/include/ConnectionMode.hpp" />
		<Unit filename="com/include/RawMessage.hpp" />
		<Unit filename="com/include/Receiver.hpp" />
		<Unit filename="com/include/Sender.hpp" />
		<Unit filename="com/include/url.hpp" />
		<Unit filename="com/protobuf_messages/version1.proto" />
		<Unit filename="com/src/RawMessage.cpp" />
		<Unit filename="com/src/Receiver.cpp" />
		<Unit filename="com/src/Sender.cpp" />
		<Unit filename="com/src/url.cpp" />
		<Unit filename="com/test/test_basics.cpp" />
		<Unit filename="com/test/test_pubsub_pub.cpp" />
		<Unit filename="com/test/test_pubsub_sub.cpp" />
		<Unit filename="com/test/test_url.cpp" />
		<Unit filename="com/test/test_zmq_socket.cpp" />
		<Unit filename="main.cpp" />
		<Unit filename="modules/FindZMQ.cmake" />
		<Unit filename="server-game.layout" />
		<Unit filename="tasks/CMakeLists.txt" />
		<Unit filename="tasks/include/GlobalContext.hpp" />
		<Unit filename="tasks/include/InterfaceProcess.hpp" />
		<Unit filename="tasks/include/MissingFromTheStandard.hpp" />
		<Unit filename="tasks/include/PlayerContext.hpp" />
		<Unit filename="tasks/include/ProcessDecider.hpp" />
		<Unit filename="tasks/include/ProcessHello.hpp" />
		<Unit filename="tasks/include/ProcessInput.hpp" />
		<Unit filename="tasks/include/ProcessRobotState.hpp" />
		<Unit filename="tasks/include/ProcessTimer.hpp" />
		<Unit filename="tasks/include/RobotContext.hpp" />
		<Unit filename="tasks/include/Server.hpp" />
		<Unit filename="tasks/src/GlobalContext.cpp" />
		<Unit filename="tasks/src/InterfaceProcess.cpp" />
		<Unit filename="tasks/src/PlayerContext.cpp" />
		<Unit filename="tasks/src/ProcessDecider.cpp" />
		<Unit filename="tasks/src/ProcessHello.cpp" />
		<Unit filename="tasks/src/ProcessInput.cpp" />
		<Unit filename="tasks/src/ProcessRobotState.cpp" />
		<Unit filename="tasks/src/ProcessTimer.cpp" />
		<Unit filename="tasks/src/RobotContext.cpp" />
		<Unit filename="tasks/src/Server.cpp" />
		<Unit filename="test/Common.cpp" />
		<Unit filename="test/Common.hpp" />
		<Unit filename="test/Utils.hpp" />
		<Unit filename="test/hello_client.cpp" />
		<Unit filename="test/input_to_robot.cpp" />
		<Unit filename="test/network.h" />
		<Unit filename="test/register_robot.cpp" />
		<Unit filename="test/test.cpp" />
		<Extensions>
			<code_completion />
			<debugger />
			<envvars />
		</Extensions>
	</Project>
</CodeBlocks_project_file>
